// !$*UTF8*$!
{
	archiveVersion = 1;
	classes = {
	};
	objectVersion = 46;
	objects = {

/* Begin PBXBuildFile section */
		CDC75A941CC586E800C1A009 /* AppDelegate.swift in Sources */ = {isa = PBXBuildFile; fileRef = CDC75A931CC586E800C1A009 /* AppDelegate.swift */; };
		CDC75A961CC586E800C1A009 /* ViewController.swift in Sources */ = {isa = PBXBuildFile; fileRef = CDC75A951CC586E800C1A009 /* ViewController.swift */; };
		CDC75A991CC586E800C1A009 /* Main.storyboard in Resources */ = {isa = PBXBuildFile; fileRef = CDC75A971CC586E800C1A009 /* Main.storyboard */; };
		CDC75A9B1CC586E800C1A009 /* Assets.xcassets in Resources */ = {isa = PBXBuildFile; fileRef = CDC75A9A1CC586E800C1A009 /* Assets.xcassets */; };
		CDC75A9E1CC586E800C1A009 /* LaunchScreen.storyboard in Resources */ = {isa = PBXBuildFile; fileRef = CDC75A9C1CC586E800C1A009 /* LaunchScreen.storyboard */; };
/* End PBXBuildFile section */

/* Begin PBXFileReference section */
		CDC75A901CC586E800C1A009 /* AutoLayoutExample7.app */ = {isa = PBXFileReference; explicitFileType = wrapper.application; includeInIndex = 0; path = AutoLayoutExample7.app; sourceTree = BUILT_PRODUCTS_DIR; };
		CDC75A931CC586E800C1A009 /* AppDelegate.swift */ = {isa = PBXFileReference; lastKnownFileType = sourcecode.swift; path = AppDelegate.swift; sourceTree = "<group>"; };
		CDC75A951CC586E800C1A009 /* ViewController.swift */ = {isa = PBXFileReference; lastKnownFileType = sourcecode.swift; path = ViewController.swift; sourceTree = "<group>"; };
		CDC75A981CC586E800C1A009 /* Base */ = {isa = PBXFileReference; lastKnownFileType = file.storyboard; name = Base; path = Base.lproj/Main.storyboard; sourceTree = "<group>"; };
		CDC75A9A1CC586E800C1A009 /* Assets.xcassets */ = {isa = PBXFileReference; lastKnownFileType = folder.assetcatalog; path = Assets.xcassets; sourceTree = "<group>"; };
		CDC75A9D1CC586E800C1A009 /* Base */ = {isa = PBXFileReference; lastKnownFileType = file.storyboard; name = Base; path = Base.lproj/LaunchScreen.storyboard; sourceTree = "<group>"; };
		CDC75A9F1CC586E800C1A009 /* Info.plist */ = {isa = PBXFileReference; lastKnownFileType = text.plist.xml; path = Info.plist; sourceTree = "<group>"; };
/* End PBXFileReference section */

/* Begin PBXFrameworksBuildPhase section */
		CDC75A8D1CC586E800C1A009 /* Frameworks */ = {
			isa = PBXFrameworksBuildPhase;
			buildActionMask = 2147483647;
			files = (
			);
			runOnlyForDeploymentPostprocessing = 0;
		};
/* End PBXFrameworksBuildPhase section */

/* Begin PBXGroup section */
		CDC75A871CC586E800C1A009 = {
			isa = PBXGroup;
			children = (
				CDC75A921CC586E800C1A009 /* AutoLayoutExample7 */,
				CDC75A911CC586E800C1A009 /* Products */,
			);
			sourceTree = "<group>";
		};
		CDC75A911CC586E800C1A009 /* Products */ = {
			isa = PBXGroup;
			children = (
				CDC75A901CC586E800C1A009 /* AutoLayoutExample7.app */,
			);
			name = Products;
			sourceTree = "<group>";
		};
		CDC75A921CC586E800C1A009 /* AutoLayoutExample7 */ = {
			isa = PBXGroup;
			children = (
				CDC75A931CC586E800C1A009 /* AppDelegate.swift */,
				CDC75A951CC586E800C1A009 /* ViewController.swift */,
				CDC75A971CC586E800C1A009 /* Main.storyboard */,
				CDC75A9A1CC586E800C1A009 /* Assets.xcassets */,
				CDC75A9C1CC586E800C1A009 /* LaunchScreen.storyboard */,
				CDC75A9F1CC586E800C1A009 /* Info.plist */,
			);
			path = AutoLayoutExample7;
			sourceTree = "<group>";
		};
/* End PBXGroup section */

/* Begin PBXNativeTarget section */
		CDC75A8F1CC586E800C1A009 /* AutoLayoutExample7 */ = {
			isa = PBXNativeTarget;
			buildConfigurationList = CDC75AA21CC586E800C1A009 /* Build configuration list for PBXNativeTarget "AutoLayoutExample7" */;
			buildPhases = (
				CDC75A8C1CC586E800C1A009 /* Sources */,
				CDC75A8D1CC586E800C1A009 /* Frameworks */,
				CDC75A8E1CC586E800C1A009 /* Resources */,
			);
			buildRules = (
			);
			dependencies = (
			);
			name = AutoLayoutExample7;
			productName = AutoLayoutExample7;
			productReference = CDC75A901CC586E800C1A009 /* AutoLayoutExample7.app */;
			productType = "com.apple.product-type.application";
		};
/* End PBXNativeTarget section */

/* Begin PBXProject section */
		CDC75A881CC586E800C1A009 /* Project object */ = {
			isa = PBXProject;
			attributes = {
				LastSwiftUpdateCheck = 0730;
				LastUpgradeCheck = 0810;
				ORGANIZATIONNAME = Treehouse;
				TargetAttributes = {
					CDC75A8F1CC586E800C1A009 = {
						CreatedOnToolsVersion = 7.3;
						LastSwiftMigration = 0810;
					};
				};
			};
			buildConfigurationList = CDC75A8B1CC586E800C1A009 /* Build configuration list for PBXProject "AutoLayoutExample7" */;
			compatibilityVersion = "Xcode 3.2";
			developmentRegion = English;
			hasScannedForEncodings = 0;
			knownRegions = (
				en,
				Base,
			);
			mainGroup = CDC75A871CC586E800C1A009;
			productRefGroup = CDC75A911CC586E800C1A009 /* Products */;
			projectDirPath = "";
			projectRoot = "";
			targets = (
				CDC75A8F1CC586E800C1A009 /* AutoLayoutExample7 */,
			);
		};
/* End PBXProject section */

/* Begin PBXResourcesBuildPhase section */
		CDC75A8E1CC586E800C1A009 /* Resources */ = {
			isa = PBXResourcesBuildPhase;
			buildActionMask = 2147483647;
			files = (
				CDC75A9E1CC586E800C1A009 /* LaunchScreen.storyboard in Resources */,
				CDC75A9B1CC586E800C1A009 /* Assets.xcassets in Resources */,
				CDC75A991CC586E800C1A009 /* Main.storyboard in Resources */,
			);
			runOnlyForDeploymentPostprocessing = 0;
		};
/* End PBXResourcesBuildPhase section */

/* Begin PBXSourcesBuildPhase section */
		CDC75A8C1CC586E800C1A009 /* Sources */ = {
			isa = PBXSourcesBuildPhase;
			buildActionMask = 2147483647;
			files = (
				CDC75A961CC586E800C1A009 /* ViewController.swift in Sources */,
				CDC75A941CC586E800C1A009 /* AppDelegate.swift in Sources */,
			);
			runOnlyForDeploymentPostprocessing = 0;
		};
/* End PBXSourcesBuildPhase section */

/* Begin PBXVariantGroup section */
		CDC75A971CC586E800C1A009 /* Main.storyboard */ = {
			isa = PBXVariantGroup;
			children = (
				CDC75A981CC586E800C1A009 /* Base */,
			);
			name = Main.storyboard;
			sourceTree = "<group>";
		};
		CDC75A9C1CC586E800C1A009 /* LaunchScreen.storyboard */ = {
			isa = PBXVariantGroup;
			children = (
				CDC75A9D1CC586E800C1A009 /* Base */,
			);
			name = LaunchScreen.storyboard;
			sourceTree = "<group>";
		};
/* End PBXVariantGroup section */

/* Begin XCBuildConfiguration section */
		CDC75AA01CC586E800C1A009 /* Debug */ = {
			isa = XCBuildConfiguration;
			buildSettings = {
				ALWAYS_SEARCH_USER_PATHS = NO;
				CLANG_ANALYZER_NONNULL = YES;
				CLANG_CXX_LANGUAGE_STANDARD = "gnu++0x";
				CLANG_CXX_LIBRARY = "libc++";
				CLANG_ENABLE_MODULES = YES;
				CLANG_ENABLE_OBJC_ARC = YES;
				CLANG_WARN_BOOL_CONVERSION = YES;
				CLANG_WARN_CONSTANT_CONVERSION = YES;
				CLANG_WARN_DIRECT_OBJC_ISA_USAGE = YES_ERROR;
				CLANG_WARN_EMPTY_BODY = YES;
				CLANG_WARN_ENUM_CONVERSION = YES;
				CLANG_WARN_INFINITE_RECURSION = YES;
				CLANG_WARN_INT_CONVERSION = YES;
				CLANG_WARN_OBJC_ROOT_CLASS = YES_ERROR;
				CLANG_WARN_SUSPICIOUS_MOVE = YES;
				CLANG_WARN_UNREACHABLE_CODE = YES;
				CLANG_WARN__DUPLICATE_METHOD_MATCH = YES;
				"CODE_SIGN_IDENTITY[sdk=iphoneos*]" = "iPhone Developer";
				COPY_PHASE_STRIP = NO;
				DEBUG_INFORMATION_FORMAT = dwarf;
				ENABLE_STRICT_OBJC_MSGSEND = YES;
				ENABLE_TESTABILITY = YES;
				GCC_C_LANGUAGE_STANDARD = gnu99;
				GCC_DYNAMIC_NO_PIC = NO;
				GCC_NO_COMMON_BLOCKS = YES;
				GCC_OPTIMIZATION_LEVEL = 0;
				GCC_PREPROCESSOR_DEFINITIONS = (
					"DEBUG=1",
					"$(inherited)",
				);
				GCC_WARN_64_TO_32_BIT_CONVERSION = YES;
				GCC_WARN_ABOUT_RETURN_TYPE = YES_ERROR;
				GCC_WARN_UNDECLARED_SELECTOR = YES;
				GCC_WARN_UNINITIALIZED_AUTOS = YES_AGGRESSIVE;
				GCC_WARN_UNUSED_FUNCTION = YES;
				GCC_WARN_UNUSED_VARIABLE = YES;
				IPHONEOS_DEPLOYMENT_TARGET = 9.3;
				MTL_ENABLE_DEBUG_INFO = YES;
				ONLY_ACTIVE_ARCH = YES;
				SDKROOT = iphoneos;
				SWIFT_OPTIMIZATION_LEVEL = "-Onone";
			};
			name = Debug;
		};
		CDC75AA11CC586E800C1A009 /* Release */ = {
			isa = XCBuildConfiguration;
			buildSettings = {
				ALWAYS_SEARCH_USER_PATHS = NO;
				CLANG_ANALYZER_NONNULL = YES;
				CLANG_CXX_LANGUAGE_STANDARD = "gnu++0x";
				CLANG_CXX_LIBRARY = "libc++";
				CLANG_ENABLE_MODULES = YES;
				CLANG_ENABLE_OBJC_ARC = YES;
				CLANG_WARN_BOOL_CONVERSION = YES;
				CLANG_WARN_CONSTANT_CONVERSION = YES;
				CLANG_WARN_DIRECT_OBJC_ISA_USAGE = YES_ERROR;
				CLANG_WARN_EMPTY_BODY = YES;
				CLANG_WARN_ENUM_CONVERSION = YES;
				CLANG_WARN_INFINITE_RECURSION = YES;
				CLANG_WARN_INT_CONVERSION = YES;
				CLANG_WARN_OBJC_ROOT_CLASS = YES_ERROR;
				CLANG_WARN_SUSPICIOUS_MOVE = YES;
				CLANG_WARN_UNREACHABLE_CODE = YES;
				CLANG_WARN__DUPLICATE_METHOD_MATCH = YES;
				"CODE_SIGN_IDENTITY[sdk=iphoneos*]" = "iPhone Developer";
				COPY_PHASE_STRIP = NO;
				DEBUG_INFORMATION_FORMAT = "dwarf-with-dsym";
				ENABLE_NS_ASSERTIONS = NO;
				ENABLE_STRICT_OBJC_MSGSEND = YES;
				GCC_C_LANGUAGE_STANDARD = gnu99;
				GCC_NO_COMMON_BLOCKS = YES;
				GCC_WARN_64_TO_32_BIT_CONVERSION = YES;
				GCC_WARN_ABOUT_RETURN_TYPE = YES_ERROR;
				GCC_WARN_UNDECLARED_SELECTOR = YES;
				GCC_WARN_UNINITIALIZED_AUTOS = YES_AGGRESSIVE;
				GCC_WARN_UNUSED_FUNCTION = YES;
				GCC_WARN_UNUSED_VARIABLE = YES;
				IPHONEOS_DEPLOYMENT_TARGET = 9.3;
				MTL_ENABLE_DEBUG_INFO = NO;
				SDKROOT = iphoneos;
				SWIFT_OPTIMIZATION_LEVEL = "-Owholemodule";
				VALIDATE_PRODUCT = YES;
			};
			name = Release;
		};
		CDC75AA31CC586E800C1A009 /* Debug */ = {
			isa = XCBuildConfiguration;
			buildSettings = {
				ASSETCATALOG_COMPILER_APPICON_NAME = AppIcon;
				INFOPLIST_FILE = AutoLayoutExample7/Info.plist;
				LD_RUNPATH_SEARCH_PATHS = "$(inherited) @executable_path/Frameworks";
				PRODUCT_BUNDLE_IDENTIFIER = com.teamtreehouse.AutoLayoutExample7;
				PRODUCT_NAME = "$(TARGET_NAME)";
				SWIFT_VERSION = 3.0;
			};
			name = Debug;
		};
		CDC75AA41CC586E800C1A009 /* Release */ = {
			isa = XCBuildConfiguration;
			buildSettings = {
				ASSETCATALOG_COMPILER_APPICON_NAME = AppIcon;
				INFOPLIST_FILE = AutoLayoutExample7/Info.plist;
				LD_RUNPATH_SEARCH_PATHS = "$(inherited) @executable_path/Frameworks";
				PRODUCT_BUNDLE_IDENTIFIER = com.teamtreehouse.AutoLayoutExample7;
				PRODUCT_NAME = "$(TARGET_NAME)";
				SWIFT_VERSION = 3.0;
			};
			name = Release;
		};
/* End XCBuildConfiguration section */

/* Begin XCConfigurationList section */
		CDC75A8B1CC586E800C1A009 /* Build configuration list for PBXProject "AutoLayoutExample7" */ = {
			isa = XCConfigurationList;
			buildConfigurations = (
				CDC75AA01CC586E800C1A009 /* Debug */,
				CDC75AA11CC586E800C1A009 /* Release */,
			);
			defaultConfigurationIsVisible = 0;
			defaultConfigurationName = Release;
		};
		CDC75AA21CC586E800C1A009 /* Build configuration list for PBXNativeTarget "AutoLayoutExample7" */ = {
			isa = XCConfigurationList;
			buildConfigurations = (
				CDC75AA31CC586E800C1A009 /* Debug */,
				CDC75AA41CC586E800C1A009 /* Release */,
			);
			defaultConfigurationIsVisible = 0;
			defaultConfigurationName = Release;
		};
/* End XCConfigurationList section */
	};
	rootObject = CDC75A881CC586E800C1A009 /* Project object */;
}
